
Microsoft Visual Studio Solution File, Format Version 12.00
# Visual Studio Version 16
VisualStudioVersion = 16.0.33027.164
MinimumVisualStudioVersion = 10.0.40219.1
Project("{FAE04EC0-301F-11D3-BF4B-00C04F79EFBC}") = "Gabi_Portafolio08", "Gabi_Portafolio08\Gabi_Portafolio08.csproj", "{D1CE428E-F3E5-4B8A-979A-6D650E198CE0}"
EndProject
Global
	GlobalSection(SolutionConfigurationPlatforms) = preSolution
		Debug|Any CPU = Debug|Any CPU
		Release|Any CPU = Release|Any CPU
	EndGlobalSection
	GlobalSection(ProjectConfigurationPlatforms) = postSolution
		{D1CE428E-F3E5-4B8A-979A-6D650E198CE0}.Debug|Any CPU.ActiveCfg = Debug|Any CPU
		{D1CE428E-F3E5-4B8A-979A-6D650E198CE0}.Debug|Any CPU.Build.0 = Debug|Any CPU
		{D1CE428E-F3E5-4B8A-979A-6D650E198CE0}.Release|Any CPU.ActiveCfg = Release|Any CPU
		{D1CE428E-F3E5-4B8A-979A-6D650E198CE0}.Release|Any CPU.Build.0 = Release|Any CPU
	EndGlobalSection
	GlobalSection(SolutionProperties) = preSolution
		HideSolutionNode = FALSE
	EndGlobalSection
	GlobalSection(ExtensibilityGlobals) = postSolution
		SolutionGuid = {A6AE053A-62B3-4DE9-95E1-2610AD32D7C8}
	EndGlobalSection
EndGlobal
