
Microsoft Visual Studio Solution File, Format Version 12.00
# Visual Studio Version 16
VisualStudioVersion = 16.0.33027.164
MinimumVisualStudioVersion = 10.0.40219.1
Project("{FAE04EC0-301F-11D3-BF4B-00C04F79EFBC}") = "ProyectoEscritorio", "ProyectoEscritorio\ProyectoEscritorio.csproj", "{6F83E478-32BC-48BC-9123-6851D99A104A}"
EndProject
Project("{FAE04EC0-301F-11D3-BF4B-00C04F79EFBC}") = "LogicaNegocio", "LogicaNegocio\LogicaNegocio.csproj", "{961BA6F1-343E-46A1-9B10-2331354588D2}"
EndProject
Global
	GlobalSection(SolutionConfigurationPlatforms) = preSolution
		Debug|Any CPU = Debug|Any CPU
		Release|Any CPU = Release|Any CPU
	EndGlobalSection
	GlobalSection(ProjectConfigurationPlatforms) = postSolution
		{6F83E478-32BC-48BC-9123-6851D99A104A}.Debug|Any CPU.ActiveCfg = Debug|Any CPU
		{6F83E478-32BC-48BC-9123-6851D99A104A}.Debug|Any CPU.Build.0 = Debug|Any CPU
		{6F83E478-32BC-48BC-9123-6851D99A104A}.Release|Any CPU.ActiveCfg = Release|Any CPU
		{6F83E478-32BC-48BC-9123-6851D99A104A}.Release|Any CPU.Build.0 = Release|Any CPU
		{961BA6F1-343E-46A1-9B10-2331354588D2}.Debug|Any CPU.ActiveCfg = Debug|Any CPU
		{961BA6F1-343E-46A1-9B10-2331354588D2}.Debug|Any CPU.Build.0 = Debug|Any CPU
		{961BA6F1-343E-46A1-9B10-2331354588D2}.Release|Any CPU.ActiveCfg = Release|Any CPU
		{961BA6F1-343E-46A1-9B10-2331354588D2}.Release|Any CPU.Build.0 = Release|Any CPU
	EndGlobalSection
	GlobalSection(SolutionProperties) = preSolution
		HideSolutionNode = FALSE
	EndGlobalSection
	GlobalSection(ExtensibilityGlobals) = postSolution
		SolutionGuid = {791C0256-34C2-44A0-9AA7-1058C951315D}
	EndGlobalSection
EndGlobal
